<Solution>
  <Project Path="src/CoverPool.Contracts/CoverPool.Contracts.csproj" />
  <Project Path="src/CoverPool.Producer/CoverPool.Producer.csproj" />
  <Project Path="src/CoverPool.Consumer/CoverPool.Consumer.csproj" />
  <Project Path="tests/CoverPool.Tests/CoverPool.Tests.csproj" />
</Solution>
